
Microsoft Visual Studio Solution File, Format Version 12.00
# Visual Studio 2013
VisualStudioVersion = 12.0.21005.1
MinimumVisualStudioVersion = 10.0.40219.1
Project("{FAE04EC0-301F-11D3-BF4B-00C04F79EFBC}") = "RED", "RED\RED.csproj", "{92D9B54A-5B56-4760-AB05-1894D04C7E2E}"
EndProject
Project("{FAE04EC0-301F-11D3-BF4B-00C04F79EFBC}") = "RED.Tests", "RED.Tests\RED.Tests.csproj", "{E42D7DF9-9265-4D92-A2B3-6730996B6C15}"
EndProject
Project("{FAE04EC0-301F-11D3-BF4B-00C04F79EFBC}") = "RED.JSON", "RED.JSON\RED.JSON.csproj", "{278BF0B9-0C40-4B9B-87D2-EE89E677F2F5}"
EndProject
Global
	GlobalSection(SolutionConfigurationPlatforms) = preSolution
		Debug|Any CPU = Debug|Any CPU
		Release|Any CPU = Release|Any CPU
	EndGlobalSection
	GlobalSection(ProjectConfigurationPlatforms) = postSolution
		{92D9B54A-5B56-4760-AB05-1894D04C7E2E}.Debug|Any CPU.ActiveCfg = Debug|Any CPU
		{92D9B54A-5B56-4760-AB05-1894D04C7E2E}.Debug|Any CPU.Build.0 = Debug|Any CPU
		{92D9B54A-5B56-4760-AB05-1894D04C7E2E}.Release|Any CPU.ActiveCfg = Release|Any CPU
		{92D9B54A-5B56-4760-AB05-1894D04C7E2E}.Release|Any CPU.Build.0 = Release|Any CPU
		{E42D7DF9-9265-4D92-A2B3-6730996B6C15}.Debug|Any CPU.ActiveCfg = Debug|Any CPU
		{E42D7DF9-9265-4D92-A2B3-6730996B6C15}.Debug|Any CPU.Build.0 = Debug|Any CPU
		{E42D7DF9-9265-4D92-A2B3-6730996B6C15}.Release|Any CPU.ActiveCfg = Release|Any CPU
		{E42D7DF9-9265-4D92-A2B3-6730996B6C15}.Release|Any CPU.Build.0 = Release|Any CPU
		{278BF0B9-0C40-4B9B-87D2-EE89E677F2F5}.Debug|Any CPU.ActiveCfg = Debug|Any CPU
		{278BF0B9-0C40-4B9B-87D2-EE89E677F2F5}.Debug|Any CPU.Build.0 = Debug|Any CPU
		{278BF0B9-0C40-4B9B-87D2-EE89E677F2F5}.Release|Any CPU.ActiveCfg = Release|Any CPU
		{278BF0B9-0C40-4B9B-87D2-EE89E677F2F5}.Release|Any CPU.Build.0 = Release|Any CPU
	EndGlobalSection
	GlobalSection(SolutionProperties) = preSolution
		HideSolutionNode = FALSE
	EndGlobalSection
EndGlobal
