
Microsoft Visual Studio Solution File, Format Version 12.00
# Visual Studio 15
VisualStudioVersion = 15.0.28010.2003
MinimumVisualStudioVersion = 10.0.40219.1
Project("{FAE04EC0-301F-11D3-BF4B-00C04F79EFBC}") = "RED", "RED\RED.csproj", "{92D9B54A-5B56-4760-AB05-1894D04C7E2E}"
	ProjectSection(ProjectDependencies) = postProject
		{283076DC-705C-44E9-90F9-3991238995C0} = {283076DC-705C-44E9-90F9-3991238995C0}
	EndProjectSection
EndProject
Project("{FAE04EC0-301F-11D3-BF4B-00C04F79EFBC}") = "RoverOverviewNetwork", "RoverNetworkManager\RoverOverviewNetwork.csproj", "{DD54C007-0165-449C-B091-682670174C62}"
EndProject
Project("{FAE04EC0-301F-11D3-BF4B-00C04F79EFBC}") = "Core", "Core\Core.csproj", "{2B6222DE-AC5C-419A-A97A-FF3608C20023}"
EndProject
Project("{FAE04EC0-301F-11D3-BF4B-00C04F79EFBC}") = "RoverAttachmentManager", "RoverAttachmentManager\RoverAttachmentManager.csproj", "{283076DC-705C-44E9-90F9-3991238995C0}"
EndProject
Project("{9A19103F-16F7-4668-BE54-9A1E7A4F7556}") = "UnitTests", "UnitTests\UnitTests.csproj", "{5FD7A187-CF19-4A4C-A97A-B6EEDE122119}"
EndProject
Global
	GlobalSection(SolutionConfigurationPlatforms) = preSolution
		Debug|Any CPU = Debug|Any CPU
		Release|Any CPU = Release|Any CPU
	EndGlobalSection
	GlobalSection(ProjectConfigurationPlatforms) = postSolution
		{92D9B54A-5B56-4760-AB05-1894D04C7E2E}.Debug|Any CPU.ActiveCfg = Debug|Any CPU
		{92D9B54A-5B56-4760-AB05-1894D04C7E2E}.Debug|Any CPU.Build.0 = Debug|Any CPU
		{92D9B54A-5B56-4760-AB05-1894D04C7E2E}.Release|Any CPU.ActiveCfg = Release|Any CPU
		{92D9B54A-5B56-4760-AB05-1894D04C7E2E}.Release|Any CPU.Build.0 = Release|Any CPU
		{DD54C007-0165-449C-B091-682670174C62}.Debug|Any CPU.ActiveCfg = Debug|Any CPU
		{DD54C007-0165-449C-B091-682670174C62}.Debug|Any CPU.Build.0 = Debug|Any CPU
		{DD54C007-0165-449C-B091-682670174C62}.Release|Any CPU.ActiveCfg = Release|Any CPU
		{DD54C007-0165-449C-B091-682670174C62}.Release|Any CPU.Build.0 = Release|Any CPU
		{2B6222DE-AC5C-419A-A97A-FF3608C20023}.Debug|Any CPU.ActiveCfg = Debug|Any CPU
		{2B6222DE-AC5C-419A-A97A-FF3608C20023}.Debug|Any CPU.Build.0 = Debug|Any CPU
		{2B6222DE-AC5C-419A-A97A-FF3608C20023}.Release|Any CPU.ActiveCfg = Release|Any CPU
		{2B6222DE-AC5C-419A-A97A-FF3608C20023}.Release|Any CPU.Build.0 = Release|Any CPU
		{283076DC-705C-44E9-90F9-3991238995C0}.Debug|Any CPU.ActiveCfg = Debug|Any CPU
		{283076DC-705C-44E9-90F9-3991238995C0}.Debug|Any CPU.Build.0 = Debug|Any CPU
		{283076DC-705C-44E9-90F9-3991238995C0}.Release|Any CPU.ActiveCfg = Release|Any CPU
		{283076DC-705C-44E9-90F9-3991238995C0}.Release|Any CPU.Build.0 = Release|Any CPU
		{5FD7A187-CF19-4A4C-A97A-B6EEDE122119}.Debug|Any CPU.ActiveCfg = Debug|Any CPU
		{5FD7A187-CF19-4A4C-A97A-B6EEDE122119}.Debug|Any CPU.Build.0 = Debug|Any CPU
		{5FD7A187-CF19-4A4C-A97A-B6EEDE122119}.Release|Any CPU.ActiveCfg = Release|Any CPU
		{5FD7A187-CF19-4A4C-A97A-B6EEDE122119}.Release|Any CPU.Build.0 = Release|Any CPU
	EndGlobalSection
	GlobalSection(SolutionProperties) = preSolution
		HideSolutionNode = FALSE
	EndGlobalSection
	GlobalSection(ExtensibilityGlobals) = postSolution
		SolutionGuid = {B7CA9D02-B906-4878-B65C-A257E6BA68B8}
	EndGlobalSection
EndGlobal
